
Microsoft Visual Studio Solution File, Format Version 12.00
# Visual Studio Version 16
VisualStudioVersion = 16.0.30907.101
MinimumVisualStudioVersion = 10.0.40219.1
Project("{FAE04EC0-301F-11D3-BF4B-00C04F79EFBC}") = "Zadanie_domowe_2_tydzie3", "Zadanie_domowe_2_tydzie3\Zadanie_domowe_2_tydzie3.csproj", "{4D8F1B73-0E31-4C6A-ACE9-196491E33F2F}"
EndProject
Project("{FAE04EC0-301F-11D3-BF4B-00C04F79EFBC}") = "Tydzien_3_zadanie_2_Kazimierz", "Tydzien_3_zadanie_2_Kazimierz\Tydzien_3_zadanie_2_Kazimierz.csproj", "{4141CE5C-73FB-4CDC-BC23-5661D8981D00}"
EndProject
Global
	GlobalSection(SolutionConfigurationPlatforms) = preSolution
		Debug|Any CPU = Debug|Any CPU
		Release|Any CPU = Release|Any CPU
	EndGlobalSection
	GlobalSection(ProjectConfigurationPlatforms) = postSolution
		{4D8F1B73-0E31-4C6A-ACE9-196491E33F2F}.Debug|Any CPU.ActiveCfg = Debug|Any CPU
		{4D8F1B73-0E31-4C6A-ACE9-196491E33F2F}.Debug|Any CPU.Build.0 = Debug|Any CPU
		{4D8F1B73-0E31-4C6A-ACE9-196491E33F2F}.Release|Any CPU.ActiveCfg = Release|Any CPU
		{4D8F1B73-0E31-4C6A-ACE9-196491E33F2F}.Release|Any CPU.Build.0 = Release|Any CPU
		{4141CE5C-73FB-4CDC-BC23-5661D8981D00}.Debug|Any CPU.ActiveCfg = Debug|Any CPU
		{4141CE5C-73FB-4CDC-BC23-5661D8981D00}.Debug|Any CPU.Build.0 = Debug|Any CPU
		{4141CE5C-73FB-4CDC-BC23-5661D8981D00}.Release|Any CPU.ActiveCfg = Release|Any CPU
		{4141CE5C-73FB-4CDC-BC23-5661D8981D00}.Release|Any CPU.Build.0 = Release|Any CPU
	EndGlobalSection
	GlobalSection(SolutionProperties) = preSolution
		HideSolutionNode = FALSE
	EndGlobalSection
	GlobalSection(ExtensibilityGlobals) = postSolution
		SolutionGuid = {3200DB44-546E-4AA7-A61D-BCB0E6D151A0}
	EndGlobalSection
EndGlobal
